// !$*UTF8*$!
{
	archiveVersion = 1;
	classes = {
	};
	objectVersion = 50;
	objects = {

/* Begin PBXBuildFile section */
		9A112CFE226F45AE00041141 /* SegmentedNaiveTest.cpp in Sources */ = {isa = PBXBuildFile; fileRef = 9A112CFD226F45AE00041141 /* SegmentedNaiveTest.cpp */; };
		9A112D01226F47C300041141 /* SegmentedHashTest.cpp in Sources */ = {isa = PBXBuildFile; fileRef = 9A112D00226F47C300041141 /* SegmentedHashTest.cpp */; };
		9A112D08226F4AF200041141 /* SortingTest.cpp in Sources */ = {isa = PBXBuildFile; fileRef = 9A112D02226F4AF200041141 /* SortingTest.cpp */; };
		9A112D09226F4AF200041141 /* HashingSortTest.cpp in Sources */ = {isa = PBXBuildFile; fileRef = 9A112D03226F4AF200041141 /* HashingSortTest.cpp */; };
		9A112D0A226F4AF200041141 /* OptSortingTest.cpp in Sources */ = {isa = PBXBuildFile; fileRef = 9A112D07226F4AF200041141 /* OptSortingTest.cpp */; };
		9A112D0D226F4CBE00041141 /* HashTest.cpp in Sources */ = {isa = PBXBuildFile; fileRef = 9A112D0C226F4CBE00041141 /* HashTest.cpp */; };
		9A112D14226F4FD400041141 /* SegmentedOptHashTest.cpp in Sources */ = {isa = PBXBuildFile; fileRef = 9A112D13226F4FD400041141 /* SegmentedOptHashTest.cpp */; };
		9A38649E22531B2500579127 /* main.cpp in Sources */ = {isa = PBXBuildFile; fileRef = 9A38649D22531B2500579127 /* main.cpp */; };
		9A3864B822531BC900579127 /* MergeSort.cpp in Sources */ = {isa = PBXBuildFile; fileRef = 9A3864A822531BC800579127 /* MergeSort.cpp */; };
		9A3864B922531BC900579127 /* PrimeHashFunc.cpp in Sources */ = {isa = PBXBuildFile; fileRef = 9A3864AC22531BC800579127 /* PrimeHashFunc.cpp */; };
		9A3864BA22531BC900579127 /* XorHashFunc.cpp in Sources */ = {isa = PBXBuildFile; fileRef = 9A3864B122531BC800579127 /* XorHashFunc.cpp */; };
		9A3864BB22531BC900579127 /* DataGenerator.cpp in Sources */ = {isa = PBXBuildFile; fileRef = 9A3864B222531BC800579127 /* DataGenerator.cpp */; };
		9A3864BC22531BC900579127 /* AdditiveHashFunction.cpp in Sources */ = {isa = PBXBuildFile; fileRef = 9A3864B522531BC900579127 /* AdditiveHashFunction.cpp */; };
		9A3864BD22531BC900579127 /* MatrixGenerator.cpp in Sources */ = {isa = PBXBuildFile; fileRef = 9A3864B622531BC900579127 /* MatrixGenerator.cpp */; };
		9A3864BE22531BC900579127 /* InsertionSort.cpp in Sources */ = {isa = PBXBuildFile; fileRef = 9A3864B722531BC900579127 /* InsertionSort.cpp */; };
/* End PBXBuildFile section */

/* Begin PBXCopyFilesBuildPhase section */
		9A38649822531B2500579127 /* CopyFiles */ = {
			isa = PBXCopyFilesBuildPhase;
			buildActionMask = 2147483647;
			dstPath = /usr/share/man/man1/;
			dstSubfolderSpec = 0;
			files = (
			);
			runOnlyForDeploymentPostprocessing = 1;
		};
/* End PBXCopyFilesBuildPhase section */

/* Begin PBXFileReference section */
		9A112CEC226F2BF700041141 /* Configuration.hpp */ = {isa = PBXFileReference; lastKnownFileType = sourcecode.cpp.h; path = Configuration.hpp; sourceTree = "<group>"; };
		9A112CF2226F34E000041141 /* TestRun.hpp */ = {isa = PBXFileReference; fileEncoding = 4; lastKnownFileType = sourcecode.cpp.h; path = TestRun.hpp; sourceTree = "<group>"; };
		9A112CFC226F459E00041141 /* SegmentedNaiveTest.hpp */ = {isa = PBXFileReference; fileEncoding = 4; lastKnownFileType = sourcecode.cpp.h; path = SegmentedNaiveTest.hpp; sourceTree = "<group>"; };
		9A112CFD226F45AE00041141 /* SegmentedNaiveTest.cpp */ = {isa = PBXFileReference; fileEncoding = 4; lastKnownFileType = sourcecode.cpp.cpp; path = SegmentedNaiveTest.cpp; sourceTree = "<group>"; };
		9A112CFF226F47A300041141 /* SegmentedHashTest.hpp */ = {isa = PBXFileReference; fileEncoding = 4; lastKnownFileType = sourcecode.cpp.h; path = SegmentedHashTest.hpp; sourceTree = "<group>"; };
		9A112D00226F47C300041141 /* SegmentedHashTest.cpp */ = {isa = PBXFileReference; fileEncoding = 4; lastKnownFileType = sourcecode.cpp.cpp; path = SegmentedHashTest.cpp; sourceTree = "<group>"; };
		9A112D02226F4AF200041141 /* SortingTest.cpp */ = {isa = PBXFileReference; fileEncoding = 4; lastKnownFileType = sourcecode.cpp.cpp; path = SortingTest.cpp; sourceTree = "<group>"; };
		9A112D03226F4AF200041141 /* HashingSortTest.cpp */ = {isa = PBXFileReference; fileEncoding = 4; lastKnownFileType = sourcecode.cpp.cpp; path = HashingSortTest.cpp; sourceTree = "<group>"; };
		9A112D04226F4AF200041141 /* SortingTest.hpp */ = {isa = PBXFileReference; fileEncoding = 4; lastKnownFileType = sourcecode.cpp.h; path = SortingTest.hpp; sourceTree = "<group>"; };
		9A112D05226F4AF200041141 /* OptSortingTest.hpp */ = {isa = PBXFileReference; fileEncoding = 4; lastKnownFileType = sourcecode.cpp.h; path = OptSortingTest.hpp; sourceTree = "<group>"; };
		9A112D06226F4AF200041141 /* HashingSortTest.hpp */ = {isa = PBXFileReference; fileEncoding = 4; lastKnownFileType = sourcecode.cpp.h; path = HashingSortTest.hpp; sourceTree = "<group>"; };
		9A112D07226F4AF200041141 /* OptSortingTest.cpp */ = {isa = PBXFileReference; fileEncoding = 4; lastKnownFileType = sourcecode.cpp.cpp; path = OptSortingTest.cpp; sourceTree = "<group>"; };
		9A112D0B226F4CAE00041141 /* HashTest.hpp */ = {isa = PBXFileReference; fileEncoding = 4; lastKnownFileType = sourcecode.cpp.h; path = HashTest.hpp; sourceTree = "<group>"; };
		9A112D0C226F4CBE00041141 /* HashTest.cpp */ = {isa = PBXFileReference; fileEncoding = 4; lastKnownFileType = sourcecode.cpp.cpp; path = HashTest.cpp; sourceTree = "<group>"; };
		9A112D11226F4F9400041141 /* SegmentedOptHashTest.hpp */ = {isa = PBXFileReference; fileEncoding = 4; lastKnownFileType = sourcecode.cpp.h; path = SegmentedOptHashTest.hpp; sourceTree = "<group>"; };
		9A112D13226F4FD400041141 /* SegmentedOptHashTest.cpp */ = {isa = PBXFileReference; fileEncoding = 4; lastKnownFileType = sourcecode.cpp.cpp; path = SegmentedOptHashTest.cpp; sourceTree = "<group>"; };
		9A38649A22531B2500579127 /* HashSort */ = {isa = PBXFileReference; explicitFileType = "compiled.mach-o.executable"; includeInIndex = 0; path = HashSort; sourceTree = BUILT_PRODUCTS_DIR; };
		9A38649D22531B2500579127 /* main.cpp */ = {isa = PBXFileReference; lastKnownFileType = sourcecode.cpp.cpp; path = main.cpp; sourceTree = "<group>"; };
		9A3864A422531BC700579127 /* tester.sh */ = {isa = PBXFileReference; fileEncoding = 4; lastKnownFileType = text.script.sh; path = tester.sh; sourceTree = "<group>"; };
		9A3864A522531BC700579127 /* DataGenerator.hpp */ = {isa = PBXFileReference; fileEncoding = 4; lastKnownFileType = sourcecode.cpp.h; path = DataGenerator.hpp; sourceTree = "<group>"; };
		9A3864A722531BC800579127 /* InsertionSort.hpp */ = {isa = PBXFileReference; fileEncoding = 4; lastKnownFileType = sourcecode.cpp.h; path = InsertionSort.hpp; sourceTree = "<group>"; };
		9A3864A822531BC800579127 /* MergeSort.cpp */ = {isa = PBXFileReference; fileEncoding = 4; lastKnownFileType = sourcecode.cpp.cpp; path = MergeSort.cpp; sourceTree = "<group>"; };
		9A3864A922531BC800579127 /* MatrixGenerator.hpp */ = {isa = PBXFileReference; fileEncoding = 4; lastKnownFileType = sourcecode.cpp.h; path = MatrixGenerator.hpp; sourceTree = "<group>"; };
		9A3864AA22531BC800579127 /* MergeSort.hpp */ = {isa = PBXFileReference; fileEncoding = 4; lastKnownFileType = sourcecode.cpp.h; path = MergeSort.hpp; sourceTree = "<group>"; };
		9A3864AC22531BC800579127 /* PrimeHashFunc.cpp */ = {isa = PBXFileReference; fileEncoding = 4; lastKnownFileType = sourcecode.cpp.cpp; path = PrimeHashFunc.cpp; sourceTree = "<group>"; };
		9A3864AD22531BC800579127 /* HashFunction.hpp */ = {isa = PBXFileReference; fileEncoding = 4; lastKnownFileType = sourcecode.cpp.h; path = HashFunction.hpp; sourceTree = "<group>"; };
		9A3864AF22531BC800579127 /* PrimeHashFunction.hpp */ = {isa = PBXFileReference; fileEncoding = 4; lastKnownFileType = sourcecode.cpp.h; path = PrimeHashFunction.hpp; sourceTree = "<group>"; };
		9A3864B022531BC800579127 /* SortFunction.hpp */ = {isa = PBXFileReference; fileEncoding = 4; lastKnownFileType = sourcecode.cpp.h; path = SortFunction.hpp; sourceTree = "<group>"; };
		9A3864B122531BC800579127 /* XorHashFunc.cpp */ = {isa = PBXFileReference; fileEncoding = 4; lastKnownFileType = sourcecode.cpp.cpp; path = XorHashFunc.cpp; sourceTree = "<group>"; };
		9A3864B222531BC800579127 /* DataGenerator.cpp */ = {isa = PBXFileReference; fileEncoding = 4; lastKnownFileType = sourcecode.cpp.cpp; path = DataGenerator.cpp; sourceTree = "<group>"; };
		9A3864B322531BC800579127 /* XorHashFunction.hpp */ = {isa = PBXFileReference; fileEncoding = 4; lastKnownFileType = sourcecode.cpp.h; path = XorHashFunction.hpp; sourceTree = "<group>"; };
		9A3864B422531BC900579127 /* AdditiveHashFunction.hpp */ = {isa = PBXFileReference; fileEncoding = 4; lastKnownFileType = sourcecode.cpp.h; path = AdditiveHashFunction.hpp; sourceTree = "<group>"; };
		9A3864B522531BC900579127 /* AdditiveHashFunction.cpp */ = {isa = PBXFileReference; fileEncoding = 4; lastKnownFileType = sourcecode.cpp.cpp; path = AdditiveHashFunction.cpp; sourceTree = "<group>"; };
		9A3864B622531BC900579127 /* MatrixGenerator.cpp */ = {isa = PBXFileReference; fileEncoding = 4; lastKnownFileType = sourcecode.cpp.cpp; path = MatrixGenerator.cpp; sourceTree = "<group>"; };
		9A3864B722531BC900579127 /* InsertionSort.cpp */ = {isa = PBXFileReference; fileEncoding = 4; lastKnownFileType = sourcecode.cpp.cpp; path = InsertionSort.cpp; sourceTree = "<group>"; };
/* End PBXFileReference section */

/* Begin PBXFrameworksBuildPhase section */
		9A38649722531B2500579127 /* Frameworks */ = {
			isa = PBXFrameworksBuildPhase;
			buildActionMask = 2147483647;
			files = (
			);
			runOnlyForDeploymentPostprocessing = 0;
		};
/* End PBXFrameworksBuildPhase section */

/* Begin PBXGroup section */
		9A38649122531B2500579127 = {
			isa = PBXGroup;
			children = (
				9A38649C22531B2500579127 /* HashSort */,
				9A38649B22531B2500579127 /* Products */,
			);
			sourceTree = "<group>";
		};
		9A38649B22531B2500579127 /* Products */ = {
			isa = PBXGroup;
			children = (
				9A38649A22531B2500579127 /* HashSort */,
			);
			name = Products;
			sourceTree = "<group>";
		};
		9A38649C22531B2500579127 /* HashSort */ = {
			isa = PBXGroup;
			children = (
				9A112CF2226F34E000041141 /* TestRun.hpp */,
				9A3864B522531BC900579127 /* AdditiveHashFunction.cpp */,
				9A3864B422531BC900579127 /* AdditiveHashFunction.hpp */,
				9A3864B222531BC800579127 /* DataGenerator.cpp */,
				9A3864A522531BC700579127 /* DataGenerator.hpp */,
				9A3864AD22531BC800579127 /* HashFunction.hpp */,
				9A3864B722531BC900579127 /* InsertionSort.cpp */,
				9A3864A722531BC800579127 /* InsertionSort.hpp */,
				9A3864B622531BC900579127 /* MatrixGenerator.cpp */,
				9A3864A922531BC800579127 /* MatrixGenerator.hpp */,
				9A3864A822531BC800579127 /* MergeSort.cpp */,
				9A3864AA22531BC800579127 /* MergeSort.hpp */,
				9A3864AC22531BC800579127 /* PrimeHashFunc.cpp */,
				9A3864AF22531BC800579127 /* PrimeHashFunction.hpp */,
				9A3864B022531BC800579127 /* SortFunction.hpp */,
				9A3864A422531BC700579127 /* tester.sh */,
				9A3864B122531BC800579127 /* XorHashFunc.cpp */,
				9A3864B322531BC800579127 /* XorHashFunction.hpp */,
				9A38649D22531B2500579127 /* main.cpp */,
				9A112CEC226F2BF700041141 /* Configuration.hpp */,
				9A112D03226F4AF200041141 /* HashingSortTest.cpp */,
				9A112D06226F4AF200041141 /* HashingSortTest.hpp */,
				9A112D07226F4AF200041141 /* OptSortingTest.cpp */,
				9A112D05226F4AF200041141 /* OptSortingTest.hpp */,
				9A112D02226F4AF200041141 /* SortingTest.cpp */,
				9A112D04226F4AF200041141 /* SortingTest.hpp */,
				9A112CFD226F45AE00041141 /* SegmentedNaiveTest.cpp */,
				9A112CFC226F459E00041141 /* SegmentedNaiveTest.hpp */,
				9A112D00226F47C300041141 /* SegmentedHashTest.cpp */,
				9A112CFF226F47A300041141 /* SegmentedHashTest.hpp */,
				9A112D13226F4FD400041141 /* SegmentedOptHashTest.cpp */,
				9A112D11226F4F9400041141 /* SegmentedOptHashTest.hpp */,
				9A112D0C226F4CBE00041141 /* HashTest.cpp */,
				9A112D0B226F4CAE00041141 /* HashTest.hpp */,
			);
			path = HashSort;
			sourceTree = "<group>";
		};
/* End PBXGroup section */

/* Begin PBXNativeTarget section */
		9A38649922531B2500579127 /* HashSort */ = {
			isa = PBXNativeTarget;
			buildConfigurationList = 9A3864A122531B2500579127 /* Build configuration list for PBXNativeTarget "HashSort" */;
			buildPhases = (
				9A38649622531B2500579127 /* Sources */,
				9A38649722531B2500579127 /* Frameworks */,
				9A38649822531B2500579127 /* CopyFiles */,
			);
			buildRules = (
			);
			dependencies = (
			);
			name = HashSort;
			productName = HashSort;
			productReference = 9A38649A22531B2500579127 /* HashSort */;
			productType = "com.apple.product-type.tool";
		};
/* End PBXNativeTarget section */

/* Begin PBXProject section */
		9A38649222531B2500579127 /* Project object */ = {
			isa = PBXProject;
			attributes = {
				LastUpgradeCheck = 1010;
				ORGANIZATIONNAME = "Gonzalo Urroz";
				TargetAttributes = {
					9A38649922531B2500579127 = {
						CreatedOnToolsVersion = 10.1;
					};
				};
			};
			buildConfigurationList = 9A38649522531B2500579127 /* Build configuration list for PBXProject "HashSort" */;
			compatibilityVersion = "Xcode 9.3";
			developmentRegion = en;
			hasScannedForEncodings = 0;
			knownRegions = (
				en,
			);
			mainGroup = 9A38649122531B2500579127;
			productRefGroup = 9A38649B22531B2500579127 /* Products */;
			projectDirPath = "";
			projectRoot = "";
			targets = (
				9A38649922531B2500579127 /* HashSort */,
			);
		};
/* End PBXProject section */

/* Begin PBXSourcesBuildPhase section */
		9A38649622531B2500579127 /* Sources */ = {
			isa = PBXSourcesBuildPhase;
			buildActionMask = 2147483647;
			files = (
				9A3864B922531BC900579127 /* PrimeHashFunc.cpp in Sources */,
				9A112D14226F4FD400041141 /* SegmentedOptHashTest.cpp in Sources */,
				9A112D01226F47C300041141 /* SegmentedHashTest.cpp in Sources */,
				9A3864BA22531BC900579127 /* XorHashFunc.cpp in Sources */,
				9A112D0D226F4CBE00041141 /* HashTest.cpp in Sources */,
				9A112D09226F4AF200041141 /* HashingSortTest.cpp in Sources */,
				9A3864BB22531BC900579127 /* DataGenerator.cpp in Sources */,
				9A3864BC22531BC900579127 /* AdditiveHashFunction.cpp in Sources */,
				9A3864B822531BC900579127 /* MergeSort.cpp in Sources */,
				9A3864BE22531BC900579127 /* InsertionSort.cpp in Sources */,
				9A112D08226F4AF200041141 /* SortingTest.cpp in Sources */,
				9A112D0A226F4AF200041141 /* OptSortingTest.cpp in Sources */,
				9A38649E22531B2500579127 /* main.cpp in Sources */,
				9A112CFE226F45AE00041141 /* SegmentedNaiveTest.cpp in Sources */,
				9A3864BD22531BC900579127 /* MatrixGenerator.cpp in Sources */,
			);
			runOnlyForDeploymentPostprocessing = 0;
		};
/* End PBXSourcesBuildPhase section */

/* Begin XCBuildConfiguration section */
		9A38649F22531B2500579127 /* Debug */ = {
			isa = XCBuildConfiguration;
			buildSettings = {
				ALWAYS_SEARCH_USER_PATHS = NO;
				CLANG_ANALYZER_NONNULL = YES;
				CLANG_ANALYZER_NUMBER_OBJECT_CONVERSION = YES_AGGRESSIVE;
				CLANG_CXX_LANGUAGE_STANDARD = "gnu++14";
				CLANG_CXX_LIBRARY = "libc++";
				CLANG_ENABLE_MODULES = YES;
				CLANG_ENABLE_OBJC_ARC = YES;
				CLANG_ENABLE_OBJC_WEAK = YES;
				CLANG_WARN_BLOCK_CAPTURE_AUTORELEASING = YES;
				CLANG_WARN_BOOL_CONVERSION = YES;
				CLANG_WARN_COMMA = YES;
				CLANG_WARN_CONSTANT_CONVERSION = YES;
				CLANG_WARN_DEPRECATED_OBJC_IMPLEMENTATIONS = YES;
				CLANG_WARN_DIRECT_OBJC_ISA_USAGE = YES_ERROR;
				CLANG_WARN_DOCUMENTATION_COMMENTS = YES;
				CLANG_WARN_EMPTY_BODY = YES;
				CLANG_WARN_ENUM_CONVERSION = YES;
				CLANG_WARN_INFINITE_RECURSION = YES;
				CLANG_WARN_INT_CONVERSION = YES;
				CLANG_WARN_NON_LITERAL_NULL_CONVERSION = YES;
				CLANG_WARN_OBJC_IMPLICIT_RETAIN_SELF = YES;
				CLANG_WARN_OBJC_LITERAL_CONVERSION = YES;
				CLANG_WARN_OBJC_ROOT_CLASS = YES_ERROR;
				CLANG_WARN_RANGE_LOOP_ANALYSIS = YES;
				CLANG_WARN_STRICT_PROTOTYPES = YES;
				CLANG_WARN_SUSPICIOUS_MOVE = YES;
				CLANG_WARN_UNGUARDED_AVAILABILITY = YES_AGGRESSIVE;
				CLANG_WARN_UNREACHABLE_CODE = YES;
				CLANG_WARN__DUPLICATE_METHOD_MATCH = YES;
				CODE_SIGN_IDENTITY = "Mac Developer";
				COPY_PHASE_STRIP = NO;
				DEBUG_INFORMATION_FORMAT = dwarf;
				ENABLE_STRICT_OBJC_MSGSEND = YES;
				ENABLE_TESTABILITY = YES;
				GCC_C_LANGUAGE_STANDARD = gnu11;
				GCC_DYNAMIC_NO_PIC = NO;
				GCC_NO_COMMON_BLOCKS = YES;
				GCC_OPTIMIZATION_LEVEL = 0;
				GCC_PREPROCESSOR_DEFINITIONS = (
					"DEBUG=1",
					"$(inherited)",
				);
				GCC_WARN_64_TO_32_BIT_CONVERSION = YES;
				GCC_WARN_ABOUT_RETURN_TYPE = YES_ERROR;
				GCC_WARN_UNDECLARED_SELECTOR = YES;
				GCC_WARN_UNINITIALIZED_AUTOS = YES_AGGRESSIVE;
				GCC_WARN_UNUSED_FUNCTION = YES;
				GCC_WARN_UNUSED_VARIABLE = YES;
				MACOSX_DEPLOYMENT_TARGET = 10.14;
				MTL_ENABLE_DEBUG_INFO = INCLUDE_SOURCE;
				MTL_FAST_MATH = YES;
				ONLY_ACTIVE_ARCH = YES;
				SDKROOT = macosx;
			};
			name = Debug;
		};
		9A3864A022531B2500579127 /* Release */ = {
			isa = XCBuildConfiguration;
			buildSettings = {
				ALWAYS_SEARCH_USER_PATHS = NO;
				CLANG_ANALYZER_NONNULL = YES;
				CLANG_ANALYZER_NUMBER_OBJECT_CONVERSION = YES_AGGRESSIVE;
				CLANG_CXX_LANGUAGE_STANDARD = "gnu++14";
				CLANG_CXX_LIBRARY = "libc++";
				CLANG_ENABLE_MODULES = YES;
				CLANG_ENABLE_OBJC_ARC = YES;
				CLANG_ENABLE_OBJC_WEAK = YES;
				CLANG_WARN_BLOCK_CAPTURE_AUTORELEASING = YES;
				CLANG_WARN_BOOL_CONVERSION = YES;
				CLANG_WARN_COMMA = YES;
				CLANG_WARN_CONSTANT_CONVERSION = YES;
				CLANG_WARN_DEPRECATED_OBJC_IMPLEMENTATIONS = YES;
				CLANG_WARN_DIRECT_OBJC_ISA_USAGE = YES_ERROR;
				CLANG_WARN_DOCUMENTATION_COMMENTS = YES;
				CLANG_WARN_EMPTY_BODY = YES;
				CLANG_WARN_ENUM_CONVERSION = YES;
				CLANG_WARN_INFINITE_RECURSION = YES;
				CLANG_WARN_INT_CONVERSION = YES;
				CLANG_WARN_NON_LITERAL_NULL_CONVERSION = YES;
				CLANG_WARN_OBJC_IMPLICIT_RETAIN_SELF = YES;
				CLANG_WARN_OBJC_LITERAL_CONVERSION = YES;
				CLANG_WARN_OBJC_ROOT_CLASS = YES_ERROR;
				CLANG_WARN_RANGE_LOOP_ANALYSIS = YES;
				CLANG_WARN_STRICT_PROTOTYPES = YES;
				CLANG_WARN_SUSPICIOUS_MOVE = YES;
				CLANG_WARN_UNGUARDED_AVAILABILITY = YES_AGGRESSIVE;
				CLANG_WARN_UNREACHABLE_CODE = YES;
				CLANG_WARN__DUPLICATE_METHOD_MATCH = YES;
				CODE_SIGN_IDENTITY = "Mac Developer";
				COPY_PHASE_STRIP = NO;
				DEBUG_INFORMATION_FORMAT = "dwarf-with-dsym";
				ENABLE_NS_ASSERTIONS = NO;
				ENABLE_STRICT_OBJC_MSGSEND = YES;
				GCC_C_LANGUAGE_STANDARD = gnu11;
				GCC_NO_COMMON_BLOCKS = YES;
				GCC_WARN_64_TO_32_BIT_CONVERSION = YES;
				GCC_WARN_ABOUT_RETURN_TYPE = YES_ERROR;
				GCC_WARN_UNDECLARED_SELECTOR = YES;
				GCC_WARN_UNINITIALIZED_AUTOS = YES_AGGRESSIVE;
				GCC_WARN_UNUSED_FUNCTION = YES;
				GCC_WARN_UNUSED_VARIABLE = YES;
				MACOSX_DEPLOYMENT_TARGET = 10.14;
				MTL_ENABLE_DEBUG_INFO = NO;
				MTL_FAST_MATH = YES;
				SDKROOT = macosx;
			};
			name = Release;
		};
		9A3864A222531B2500579127 /* Debug */ = {
			isa = XCBuildConfiguration;
			buildSettings = {
				CODE_SIGN_IDENTITY = "Developer ID Application";
				CODE_SIGN_STYLE = Manual;
				DEVELOPMENT_TEAM = "";
				PRODUCT_NAME = "$(TARGET_NAME)";
				PROVISIONING_PROFILE_SPECIFIER = "";
			};
			name = Debug;
		};
		9A3864A322531B2500579127 /* Release */ = {
			isa = XCBuildConfiguration;
			buildSettings = {
				CODE_SIGN_IDENTITY = "Developer ID Application";
				CODE_SIGN_STYLE = Manual;
				DEVELOPMENT_TEAM = "";
				PRODUCT_NAME = "$(TARGET_NAME)";
				PROVISIONING_PROFILE_SPECIFIER = "";
			};
			name = Release;
		};
/* End XCBuildConfiguration section */

/* Begin XCConfigurationList section */
		9A38649522531B2500579127 /* Build configuration list for PBXProject "HashSort" */ = {
			isa = XCConfigurationList;
			buildConfigurations = (
				9A38649F22531B2500579127 /* Debug */,
				9A3864A022531B2500579127 /* Release */,
			);
			defaultConfigurationIsVisible = 0;
			defaultConfigurationName = Release;
		};
		9A3864A122531B2500579127 /* Build configuration list for PBXNativeTarget "HashSort" */ = {
			isa = XCConfigurationList;
			buildConfigurations = (
				9A3864A222531B2500579127 /* Debug */,
				9A3864A322531B2500579127 /* Release */,
			);
			defaultConfigurationIsVisible = 0;
			defaultConfigurationName = Release;
		};
/* End XCConfigurationList section */
	};
	rootObject = 9A38649222531B2500579127 /* Project object */;
}
