// !$*UTF8*$!
{
	archiveVersion = 1;
	classes = {
	};
	objectVersion = 50;
	objects = {

/* Begin PBXFileReference section */
		9A1FFB0C224DFDEC00A123B4 /* MatrixGenerator.cpp */ = {isa = PBXFileReference; lastKnownFileType = sourcecode.cpp.cpp; path = MatrixGenerator.cpp; sourceTree = "<group>"; };
		9A1FFB0D224DFDEC00A123B4 /* MatrixGenerator.hpp */ = {isa = PBXFileReference; lastKnownFileType = sourcecode.cpp.h; path = MatrixGenerator.hpp; sourceTree = "<group>"; };
		9A25F80E224666B2009B2A56 /* testResults02.txt */ = {isa = PBXFileReference; lastKnownFileType = text; path = testResults02.txt; sourceTree = "<group>"; };
		9A25F80F224666B2009B2A56 /* DataGenerator.cpp */ = {isa = PBXFileReference; lastKnownFileType = sourcecode.cpp.cpp; path = DataGenerator.cpp; sourceTree = "<group>"; };
		9A25F810224666B2009B2A56 /* hashSort.xcodeproj */ = {isa = PBXFileReference; lastKnownFileType = "wrapper.pb-project"; path = hashSort.xcodeproj; sourceTree = "<group>"; };
		9A25F813224666B2009B2A56 /* MergeSort.hpp */ = {isa = PBXFileReference; lastKnownFileType = sourcecode.cpp.h; path = MergeSort.hpp; sourceTree = "<group>"; };
		9A25F814224666B2009B2A56 /* InsertionSort.hpp */ = {isa = PBXFileReference; lastKnownFileType = sourcecode.cpp.h; path = InsertionSort.hpp; sourceTree = "<group>"; };
		9A25F815224666B2009B2A56 /* AdditiveHashFunction.cpp */ = {isa = PBXFileReference; lastKnownFileType = sourcecode.cpp.cpp; path = AdditiveHashFunction.cpp; sourceTree = "<group>"; };
		9A25F816224666B2009B2A56 /* SortFunction.hpp */ = {isa = PBXFileReference; lastKnownFileType = sourcecode.cpp.h; path = SortFunction.hpp; sourceTree = "<group>"; };
		9A25F817224666B2009B2A56 /* PrimeHashFunction.hpp */ = {isa = PBXFileReference; lastKnownFileType = sourcecode.cpp.h; path = PrimeHashFunction.hpp; sourceTree = "<group>"; };
		9A25F818224666B2009B2A56 /* InsertionSort.cpp */ = {isa = PBXFileReference; lastKnownFileType = sourcecode.cpp.cpp; path = InsertionSort.cpp; sourceTree = "<group>"; };
		9A25F819224666B2009B2A56 /* normalDist_test.txt */ = {isa = PBXFileReference; lastKnownFileType = text; path = normalDist_test.txt; sourceTree = "<group>"; };
		9A25F81A224666B2009B2A56 /* tester.sh */ = {isa = PBXFileReference; lastKnownFileType = text.script.sh; path = tester.sh; sourceTree = "<group>"; };
		9A25F81B224666B2009B2A56 /* PrimeHashFunc.cpp */ = {isa = PBXFileReference; lastKnownFileType = sourcecode.cpp.cpp; path = PrimeHashFunc.cpp; sourceTree = "<group>"; };
		9A25F81C224666B2009B2A56 /* XorHashFunction.hpp */ = {isa = PBXFileReference; lastKnownFileType = sourcecode.cpp.h; path = XorHashFunction.hpp; sourceTree = "<group>"; };
		9A25F81D224666B2009B2A56 /* AdditiveHashFunction.hpp */ = {isa = PBXFileReference; lastKnownFileType = sourcecode.cpp.h; path = AdditiveHashFunction.hpp; sourceTree = "<group>"; };
		9A25F81E224666B2009B2A56 /* HashFunction.hpp */ = {isa = PBXFileReference; lastKnownFileType = sourcecode.cpp.h; path = HashFunction.hpp; sourceTree = "<group>"; };
		9A25F81F224666B2009B2A56 /* optimizedSort.log */ = {isa = PBXFileReference; lastKnownFileType = text; path = optimizedSort.log; sourceTree = "<group>"; };
		9A25F820224666B2009B2A56 /* DataGenerator.hpp */ = {isa = PBXFileReference; lastKnownFileType = sourcecode.cpp.h; path = DataGenerator.hpp; sourceTree = "<group>"; };
		9A25F821224666B2009B2A56 /* XorHashFunc.cpp */ = {isa = PBXFileReference; lastKnownFileType = sourcecode.cpp.cpp; path = XorHashFunc.cpp; sourceTree = "<group>"; };
		9A25F822224666B2009B2A56 /* main */ = {isa = PBXFileReference; lastKnownFileType = "compiled.mach-o.executable"; path = main; sourceTree = "<group>"; };
		9A25F823224666B2009B2A56 /* main.cpp */ = {isa = PBXFileReference; lastKnownFileType = sourcecode.cpp.cpp; path = main.cpp; sourceTree = "<group>"; };
		9A25F824224666B2009B2A56 /* MergeSort.cpp */ = {isa = PBXFileReference; lastKnownFileType = sourcecode.cpp.cpp; path = MergeSort.cpp; sourceTree = "<group>"; };
/* End PBXFileReference section */

/* Begin PBXGroup section */
		9A25F80622466684009B2A56 = {
			isa = PBXGroup;
			children = (
				9A25F80D224666B2009B2A56 /* hashSort */,
			);
			sourceTree = "<group>";
		};
		9A25F80D224666B2009B2A56 /* hashSort */ = {
			isa = PBXGroup;
			children = (
				9A25F815224666B2009B2A56 /* AdditiveHashFunction.cpp */,
				9A25F81D224666B2009B2A56 /* AdditiveHashFunction.hpp */,
				9A25F80F224666B2009B2A56 /* DataGenerator.cpp */,
				9A25F820224666B2009B2A56 /* DataGenerator.hpp */,
				9A25F81E224666B2009B2A56 /* HashFunction.hpp */,
				9A25F810224666B2009B2A56 /* hashSort.xcodeproj */,
				9A25F818224666B2009B2A56 /* InsertionSort.cpp */,
				9A25F814224666B2009B2A56 /* InsertionSort.hpp */,
				9A25F822224666B2009B2A56 /* main */,
				9A25F823224666B2009B2A56 /* main.cpp */,
				9A25F824224666B2009B2A56 /* MergeSort.cpp */,
				9A25F813224666B2009B2A56 /* MergeSort.hpp */,
				9A25F819224666B2009B2A56 /* normalDist_test.txt */,
				9A25F81F224666B2009B2A56 /* optimizedSort.log */,
				9A25F81B224666B2009B2A56 /* PrimeHashFunc.cpp */,
				9A25F817224666B2009B2A56 /* PrimeHashFunction.hpp */,
				9A25F816224666B2009B2A56 /* SortFunction.hpp */,
				9A25F81A224666B2009B2A56 /* tester.sh */,
				9A25F80E224666B2009B2A56 /* testResults02.txt */,
				9A25F821224666B2009B2A56 /* XorHashFunc.cpp */,
				9A25F81C224666B2009B2A56 /* XorHashFunction.hpp */,
				9A1FFB0C224DFDEC00A123B4 /* MatrixGenerator.cpp */,
				9A1FFB0D224DFDEC00A123B4 /* MatrixGenerator.hpp */,
			);
			name = hashSort;
			sourceTree = "<group>";
		};
		9A25F811224666B2009B2A56 /* Products */ = {
			isa = PBXGroup;
			name = Products;
			sourceTree = "<group>";
		};
/* End PBXGroup section */

/* Begin PBXProject section */
		9A25F80722466684009B2A56 /* Project object */ = {
			isa = PBXProject;
			attributes = {
				LastUpgradeCheck = 1010;
			};
			buildConfigurationList = 9A25F80A22466684009B2A56 /* Build configuration list for PBXProject "hashSort" */;
			compatibilityVersion = "Xcode 9.3";
			developmentRegion = en;
			hasScannedForEncodings = 0;
			knownRegions = (
				en,
			);
			mainGroup = 9A25F80622466684009B2A56;
			projectDirPath = "";
			projectReferences = (
				{
					ProductGroup = 9A25F811224666B2009B2A56 /* Products */;
					ProjectRef = 9A25F810224666B2009B2A56 /* hashSort.xcodeproj */;
				},
			);
			projectRoot = "";
			targets = (
			);
		};
/* End PBXProject section */

/* Begin XCBuildConfiguration section */
		9A25F80B22466684009B2A56 /* Debug */ = {
			isa = XCBuildConfiguration;
			buildSettings = {
			};
			name = Debug;
		};
		9A25F80C22466684009B2A56 /* Release */ = {
			isa = XCBuildConfiguration;
			buildSettings = {
			};
			name = Release;
		};
/* End XCBuildConfiguration section */

/* Begin XCConfigurationList section */
		9A25F80A22466684009B2A56 /* Build configuration list for PBXProject "hashSort" */ = {
			isa = XCConfigurationList;
			buildConfigurations = (
				9A25F80B22466684009B2A56 /* Debug */,
				9A25F80C22466684009B2A56 /* Release */,
			);
			defaultConfigurationIsVisible = 0;
			defaultConfigurationName = Release;
		};
/* End XCConfigurationList section */
	};
	rootObject = 9A25F80722466684009B2A56 /* Project object */;
}
